{
  "lockfileVersion": 1,
  "workspaces": {
    "": {
      "name": "skill-chips",
      "dependencies": {
        "hex-rgb": "^5.0.0",
      },
      "devDependencies": {
        "@sveltejs/adapter-vercel": "^5.7.2",
        "@sveltejs/kit": "^2.22.2",
        "@sveltejs/vite-plugin-svelte": "^5.1.0",
        "prettier": "^3.6.2",
        "prettier-plugin-svelte": "^3.4.0",
        "svelte": "^5.35.4",
        "svelte-check": "^4.2.2",
        "typescript": "^5.8.3",
        "vite": "^7.0.3",
      },
    },
  },
  "packages": {
    "@ampproject/remapping": ["@ampproject/remapping@2.3.0", "", { "dependencies": { "@jridgewell/gen-mapping": "^0.3.5", "@jridgewell/trace-mapping": "^0.3.24" } }, "sha512-30iZtAPgz+LTIYoeivqYo853f02jBYSd5uGnGpkFV0M3xOt9aN73erkgYAmZU43x4VfqcnLxW9Kpg3R5LC4YYw=="],

    "@esbuild/aix-ppc64": ["@esbuild/aix-ppc64@0.25.6", "", { "os": "aix", "cpu": "ppc64" }, "sha512-ShbM/3XxwuxjFiuVBHA+d3j5dyac0aEVVq1oluIDf71hUw0aRF59dV/efUsIwFnR6m8JNM2FjZOzmaZ8yG61kw=="],

    "@esbuild/android-arm": ["@esbuild/android-arm@0.25.6", "", { "os": "android", "cpu": "arm" }, "sha512-S8ToEOVfg++AU/bHwdksHNnyLyVM+eMVAOf6yRKFitnwnbwwPNqKr3srzFRe7nzV69RQKb5DgchIX5pt3L53xg=="],

    "@esbuild/android-arm64": ["@esbuild/android-arm64@0.25.6", "", { "os": "android", "cpu": "arm64" }, "sha512-hd5zdUarsK6strW+3Wxi5qWws+rJhCCbMiC9QZyzoxfk5uHRIE8T287giQxzVpEvCwuJ9Qjg6bEjcRJcgfLqoA=="],

    "@esbuild/android-x64": ["@esbuild/android-x64@0.25.6", "", { "os": "android", "cpu": "x64" }, "sha512-0Z7KpHSr3VBIO9A/1wcT3NTy7EB4oNC4upJ5ye3R7taCc2GUdeynSLArnon5G8scPwaU866d3H4BCrE5xLW25A=="],

    "@esbuild/darwin-arm64": ["@esbuild/darwin-arm64@0.25.6", "", { "os": "darwin", "cpu": "arm64" }, "sha512-FFCssz3XBavjxcFxKsGy2DYK5VSvJqa6y5HXljKzhRZ87LvEi13brPrf/wdyl/BbpbMKJNOr1Sd0jtW4Ge1pAA=="],

    "@esbuild/darwin-x64": ["@esbuild/darwin-x64@0.25.6", "", { "os": "darwin", "cpu": "x64" }, "sha512-GfXs5kry/TkGM2vKqK2oyiLFygJRqKVhawu3+DOCk7OxLy/6jYkWXhlHwOoTb0WqGnWGAS7sooxbZowy+pK9Yg=="],

    "@esbuild/freebsd-arm64": ["@esbuild/freebsd-arm64@0.25.6", "", { "os": "freebsd", "cpu": "arm64" }, "sha512-aoLF2c3OvDn2XDTRvn8hN6DRzVVpDlj2B/F66clWd/FHLiHaG3aVZjxQX2DYphA5y/evbdGvC6Us13tvyt4pWg=="],

    "@esbuild/freebsd-x64": ["@esbuild/freebsd-x64@0.25.6", "", { "os": "freebsd", "cpu": "x64" }, "sha512-2SkqTjTSo2dYi/jzFbU9Plt1vk0+nNg8YC8rOXXea+iA3hfNJWebKYPs3xnOUf9+ZWhKAaxnQNUf2X9LOpeiMQ=="],

    "@esbuild/linux-arm": ["@esbuild/linux-arm@0.25.6", "", { "os": "linux", "cpu": "arm" }, "sha512-SZHQlzvqv4Du5PrKE2faN0qlbsaW/3QQfUUc6yO2EjFcA83xnwm91UbEEVx4ApZ9Z5oG8Bxz4qPE+HFwtVcfyw=="],

    "@esbuild/linux-arm64": ["@esbuild/linux-arm64@0.25.6", "", { "os": "linux", "cpu": "arm64" }, "sha512-b967hU0gqKd9Drsh/UuAm21Khpoh6mPBSgz8mKRq4P5mVK8bpA+hQzmm/ZwGVULSNBzKdZPQBRT3+WuVavcWsQ=="],

    "@esbuild/linux-ia32": ["@esbuild/linux-ia32@0.25.6", "", { "os": "linux", "cpu": "ia32" }, "sha512-aHWdQ2AAltRkLPOsKdi3xv0mZ8fUGPdlKEjIEhxCPm5yKEThcUjHpWB1idN74lfXGnZ5SULQSgtr5Qos5B0bPw=="],

    "@esbuild/linux-loong64": ["@esbuild/linux-loong64@0.25.6", "", { "os": "linux", "cpu": "none" }, "sha512-VgKCsHdXRSQ7E1+QXGdRPlQ/e08bN6WMQb27/TMfV+vPjjTImuT9PmLXupRlC90S1JeNNW5lzkAEO/McKeJ2yg=="],

    "@esbuild/linux-mips64el": ["@esbuild/linux-mips64el@0.25.6", "", { "os": "linux", "cpu": "none" }, "sha512-WViNlpivRKT9/py3kCmkHnn44GkGXVdXfdc4drNmRl15zVQ2+D2uFwdlGh6IuK5AAnGTo2qPB1Djppj+t78rzw=="],

    "@esbuild/linux-ppc64": ["@esbuild/linux-ppc64@0.25.6", "", { "os": "linux", "cpu": "ppc64" }, "sha512-wyYKZ9NTdmAMb5730I38lBqVu6cKl4ZfYXIs31Baf8aoOtB4xSGi3THmDYt4BTFHk7/EcVixkOV2uZfwU3Q2Jw=="],

    "@esbuild/linux-riscv64": ["@esbuild/linux-riscv64@0.25.6", "", { "os": "linux", "cpu": "none" }, "sha512-KZh7bAGGcrinEj4qzilJ4hqTY3Dg2U82c8bv+e1xqNqZCrCyc+TL9AUEn5WGKDzm3CfC5RODE/qc96OcbIe33w=="],

    "@esbuild/linux-s390x": ["@esbuild/linux-s390x@0.25.6", "", { "os": "linux", "cpu": "s390x" }, "sha512-9N1LsTwAuE9oj6lHMyyAM+ucxGiVnEqUdp4v7IaMmrwb06ZTEVCIs3oPPplVsnjPfyjmxwHxHMF8b6vzUVAUGw=="],

    "@esbuild/linux-x64": ["@esbuild/linux-x64@0.25.6", "", { "os": "linux", "cpu": "x64" }, "sha512-A6bJB41b4lKFWRKNrWoP2LHsjVzNiaurf7wyj/XtFNTsnPuxwEBWHLty+ZE0dWBKuSK1fvKgrKaNjBS7qbFKig=="],

    "@esbuild/netbsd-arm64": ["@esbuild/netbsd-arm64@0.25.6", "", { "os": "none", "cpu": "arm64" }, "sha512-IjA+DcwoVpjEvyxZddDqBY+uJ2Snc6duLpjmkXm/v4xuS3H+3FkLZlDm9ZsAbF9rsfP3zeA0/ArNDORZgrxR/Q=="],

    "@esbuild/netbsd-x64": ["@esbuild/netbsd-x64@0.25.6", "", { "os": "none", "cpu": "x64" }, "sha512-dUXuZr5WenIDlMHdMkvDc1FAu4xdWixTCRgP7RQLBOkkGgwuuzaGSYcOpW4jFxzpzL1ejb8yF620UxAqnBrR9g=="],

    "@esbuild/openbsd-arm64": ["@esbuild/openbsd-arm64@0.25.6", "", { "os": "openbsd", "cpu": "arm64" }, "sha512-l8ZCvXP0tbTJ3iaqdNf3pjaOSd5ex/e6/omLIQCVBLmHTlfXW3zAxQ4fnDmPLOB1x9xrcSi/xtCWFwCZRIaEwg=="],

    "@esbuild/openbsd-x64": ["@esbuild/openbsd-x64@0.25.6", "", { "os": "openbsd", "cpu": "x64" }, "sha512-hKrmDa0aOFOr71KQ/19JC7az1P0GWtCN1t2ahYAf4O007DHZt/dW8ym5+CUdJhQ/qkZmI1HAF8KkJbEFtCL7gw=="],

    "@esbuild/openharmony-arm64": ["@esbuild/openharmony-arm64@0.25.6", "", { "os": "none", "cpu": "arm64" }, "sha512-+SqBcAWoB1fYKmpWoQP4pGtx+pUUC//RNYhFdbcSA16617cchuryuhOCRpPsjCblKukAckWsV+aQ3UKT/RMPcA=="],

    "@esbuild/sunos-x64": ["@esbuild/sunos-x64@0.25.6", "", { "os": "sunos", "cpu": "x64" }, "sha512-dyCGxv1/Br7MiSC42qinGL8KkG4kX0pEsdb0+TKhmJZgCUDBGmyo1/ArCjNGiOLiIAgdbWgmWgib4HoCi5t7kA=="],

    "@esbuild/win32-arm64": ["@esbuild/win32-arm64@0.25.6", "", { "os": "win32", "cpu": "arm64" }, "sha512-42QOgcZeZOvXfsCBJF5Afw73t4veOId//XD3i+/9gSkhSV6Gk3VPlWncctI+JcOyERv85FUo7RxuxGy+z8A43Q=="],

    "@esbuild/win32-ia32": ["@esbuild/win32-ia32@0.25.6", "", { "os": "win32", "cpu": "ia32" }, "sha512-4AWhgXmDuYN7rJI6ORB+uU9DHLq/erBbuMoAuB4VWJTu5KtCgcKYPynF0YI1VkBNuEfjNlLrFr9KZPJzrtLkrQ=="],

    "@esbuild/win32-x64": ["@esbuild/win32-x64@0.25.6", "", { "os": "win32", "cpu": "x64" }, "sha512-NgJPHHbEpLQgDH2MjQu90pzW/5vvXIZ7KOnPyNBm92A6WgZ/7b6fJyUBjoumLqeOQQGqY2QjQxRo97ah4Sj0cA=="],

    "@isaacs/cliui": ["@isaacs/cliui@8.0.2", "", { "dependencies": { "string-width": "^5.1.2", "string-width-cjs": "npm:string-width@^4.2.0", "strip-ansi": "^7.0.1", "strip-ansi-cjs": "npm:strip-ansi@^6.0.1", "wrap-ansi": "^8.1.0", "wrap-ansi-cjs": "npm:wrap-ansi@^7.0.0" } }, "sha512-O8jcjabXaleOG9DQ0+ARXWZBTfnP4WNAqzuiJK7ll44AmxGKv/J2M4TPjxjY3znBCfvBXFzucm1twdyFybFqEA=="],

    "@isaacs/fs-minipass": ["@isaacs/fs-minipass@4.0.1", "", { "dependencies": { "minipass": "^7.0.4" } }, "sha512-wgm9Ehl2jpeqP3zw/7mo3kRHFp5MEDhqAdwy1fTGkHAwnkGOVsgpvQhL8B5n1qlb01jV3n/bI0ZfZp5lWA1k4w=="],

    "@jridgewell/gen-mapping": ["@jridgewell/gen-mapping@0.3.8", "", { "dependencies": { "@jridgewell/set-array": "^1.2.1", "@jridgewell/sourcemap-codec": "^1.4.10", "@jridgewell/trace-mapping": "^0.3.24" } }, "sha512-imAbBGkb+ebQyxKgzv5Hu2nmROxoDOXHh80evxdoXNOrvAnVx7zimzc1Oo5h9RlfV4vPXaE2iM5pOFbvOCClWA=="],

    "@jridgewell/resolve-uri": ["@jridgewell/resolve-uri@3.1.2", "", {}, "sha512-bRISgCIjP20/tbWSPWMEi54QVPRZExkuD9lJL+UIxUKtwVJA8wW1Trb1jMs1RFXo1CBTNZ/5hpC9QvmKWdopKw=="],

    "@jridgewell/set-array": ["@jridgewell/set-array@1.2.1", "", {}, "sha512-R8gLRTZeyp03ymzP/6Lil/28tGeGEzhx1q2k703KGWRAI1VdvPIXdG70VJc2pAMw3NA6JKL5hhFu1sJX0Mnn/A=="],

    "@jridgewell/sourcemap-codec": ["@jridgewell/sourcemap-codec@1.5.0", "", {}, "sha512-gv3ZRaISU3fjPAgNsriBRqGWQL6quFx04YMPW/zD8XMLsU32mhCCbfbO6KZFLjvYpCZ8zyDEgqsgf+PwPaM7GQ=="],

    "@jridgewell/trace-mapping": ["@jridgewell/trace-mapping@0.3.25", "", { "dependencies": { "@jridgewell/resolve-uri": "^3.1.0", "@jridgewell/sourcemap-codec": "^1.4.14" } }, "sha512-vNk6aEwybGtawWmy/PzwnGDOjCkLWSD2wqvjGGAgOAwCGWySYXfYoxt00IJkTF+8Lb57DwOb3Aa0o9CApepiYQ=="],

    "@mapbox/node-pre-gyp": ["@mapbox/node-pre-gyp@2.0.0", "", { "dependencies": { "consola": "^3.2.3", "detect-libc": "^2.0.0", "https-proxy-agent": "^7.0.5", "node-fetch": "^2.6.7", "nopt": "^8.0.0", "semver": "^7.5.3", "tar": "^7.4.0" }, "bin": { "node-pre-gyp": "bin/node-pre-gyp" } }, "sha512-llMXd39jtP0HpQLVI37Bf1m2ADlEb35GYSh1SDSLsBhR+5iCxiNGlT31yqbNtVHygHAtMy6dWFERpU2JgufhPg=="],

    "@pkgjs/parseargs": ["@pkgjs/parseargs@0.11.0", "", {}, "sha512-+1VkjdD0QBLPodGrJUeqarH8VAIvQODIbwh9XpP5Syisf7YoQgsJKPNFoqqLQlu+VQ/tVSshMR6loPMn8U+dPg=="],

    "@polka/url": ["@polka/url@1.0.0-next.28", "", {}, "sha512-8LduaNlMZGwdZ6qWrKlfa+2M4gahzFkprZiAt2TF8uS0qQgBizKXpXURqvTJ4WtmupWxaLqjRb2UCTe72mu+Aw=="],

    "@rollup/pluginutils": ["@rollup/pluginutils@5.1.4", "", { "dependencies": { "@types/estree": "^1.0.0", "estree-walker": "^2.0.2", "picomatch": "^4.0.2" }, "peerDependencies": { "rollup": "^1.20.0||^2.0.0||^3.0.0||^4.0.0" } }, "sha512-USm05zrsFxYLPdWWq+K3STlWiT/3ELn3RcV5hJMghpeAIhxfsUIg6mt12CBJBInWMV4VneoV7SfGv8xIwo2qNQ=="],

    "@rollup/rollup-android-arm-eabi": ["@rollup/rollup-android-arm-eabi@4.44.2", "", { "os": "android", "cpu": "arm" }, "sha512-g0dF8P1e2QYPOj1gu7s/3LVP6kze9A7m6x0BZ9iTdXK8N5c2V7cpBKHV3/9A4Zd8xxavdhK0t4PnqjkqVmUc9Q=="],

    "@rollup/rollup-android-arm64": ["@rollup/rollup-android-arm64@4.44.2", "", { "os": "android", "cpu": "arm64" }, "sha512-Yt5MKrOosSbSaAK5Y4J+vSiID57sOvpBNBR6K7xAaQvk3MkcNVV0f9fE20T+41WYN8hDn6SGFlFrKudtx4EoxA=="],

    "@rollup/rollup-darwin-arm64": ["@rollup/rollup-darwin-arm64@4.44.2", "", { "os": "darwin", "cpu": "arm64" }, "sha512-EsnFot9ZieM35YNA26nhbLTJBHD0jTwWpPwmRVDzjylQT6gkar+zenfb8mHxWpRrbn+WytRRjE0WKsfaxBkVUA=="],

    "@rollup/rollup-darwin-x64": ["@rollup/rollup-darwin-x64@4.44.2", "", { "os": "darwin", "cpu": "x64" }, "sha512-dv/t1t1RkCvJdWWxQ2lWOO+b7cMsVw5YFaS04oHpZRWehI1h0fV1gF4wgGCTyQHHjJDfbNpwOi6PXEafRBBezw=="],

    "@rollup/rollup-freebsd-arm64": ["@rollup/rollup-freebsd-arm64@4.44.2", "", { "os": "freebsd", "cpu": "arm64" }, "sha512-W4tt4BLorKND4qeHElxDoim0+BsprFTwb+vriVQnFFtT/P6v/xO5I99xvYnVzKWrK6j7Hb0yp3x7V5LUbaeOMg=="],

    "@rollup/rollup-freebsd-x64": ["@rollup/rollup-freebsd-x64@4.44.2", "", { "os": "freebsd", "cpu": "x64" }, "sha512-tdT1PHopokkuBVyHjvYehnIe20fxibxFCEhQP/96MDSOcyjM/shlTkZZLOufV3qO6/FQOSiJTBebhVc12JyPTA=="],

    "@rollup/rollup-linux-arm-gnueabihf": ["@rollup/rollup-linux-arm-gnueabihf@4.44.2", "", { "os": "linux", "cpu": "arm" }, "sha512-+xmiDGGaSfIIOXMzkhJ++Oa0Gwvl9oXUeIiwarsdRXSe27HUIvjbSIpPxvnNsRebsNdUo7uAiQVgBD1hVriwSQ=="],

    "@rollup/rollup-linux-arm-musleabihf": ["@rollup/rollup-linux-arm-musleabihf@4.44.2", "", { "os": "linux", "cpu": "arm" }, "sha512-bDHvhzOfORk3wt8yxIra8N4k/N0MnKInCW5OGZaeDYa/hMrdPaJzo7CSkjKZqX4JFUWjUGm88lI6QJLCM7lDrA=="],

    "@rollup/rollup-linux-arm64-gnu": ["@rollup/rollup-linux-arm64-gnu@4.44.2", "", { "os": "linux", "cpu": "arm64" }, "sha512-NMsDEsDiYghTbeZWEGnNi4F0hSbGnsuOG+VnNvxkKg0IGDvFh7UVpM/14mnMwxRxUf9AdAVJgHPvKXf6FpMB7A=="],

    "@rollup/rollup-linux-arm64-musl": ["@rollup/rollup-linux-arm64-musl@4.44.2", "", { "os": "linux", "cpu": "arm64" }, "sha512-lb5bxXnxXglVq+7imxykIp5xMq+idehfl+wOgiiix0191av84OqbjUED+PRC5OA8eFJYj5xAGcpAZ0pF2MnW+A=="],

    "@rollup/rollup-linux-loongarch64-gnu": ["@rollup/rollup-linux-loongarch64-gnu@4.44.2", "", { "os": "linux", "cpu": "none" }, "sha512-Yl5Rdpf9pIc4GW1PmkUGHdMtbx0fBLE1//SxDmuf3X0dUC57+zMepow2LK0V21661cjXdTn8hO2tXDdAWAqE5g=="],

    "@rollup/rollup-linux-powerpc64le-gnu": ["@rollup/rollup-linux-powerpc64le-gnu@4.44.2", "", { "os": "linux", "cpu": "ppc64" }, "sha512-03vUDH+w55s680YYryyr78jsO1RWU9ocRMaeV2vMniJJW/6HhoTBwyyiiTPVHNWLnhsnwcQ0oH3S9JSBEKuyqw=="],

    "@rollup/rollup-linux-riscv64-gnu": ["@rollup/rollup-linux-riscv64-gnu@4.44.2", "", { "os": "linux", "cpu": "none" }, "sha512-iYtAqBg5eEMG4dEfVlkqo05xMOk6y/JXIToRca2bAWuqjrJYJlx/I7+Z+4hSrsWU8GdJDFPL4ktV3dy4yBSrzg=="],

    "@rollup/rollup-linux-riscv64-musl": ["@rollup/rollup-linux-riscv64-musl@4.44.2", "", { "os": "linux", "cpu": "none" }, "sha512-e6vEbgaaqz2yEHqtkPXa28fFuBGmUJ0N2dOJK8YUfijejInt9gfCSA7YDdJ4nYlv67JfP3+PSWFX4IVw/xRIPg=="],

    "@rollup/rollup-linux-s390x-gnu": ["@rollup/rollup-linux-s390x-gnu@4.44.2", "", { "os": "linux", "cpu": "s390x" }, "sha512-evFOtkmVdY3udE+0QKrV5wBx7bKI0iHz5yEVx5WqDJkxp9YQefy4Mpx3RajIVcM6o7jxTvVd/qpC1IXUhGc1Mw=="],

    "@rollup/rollup-linux-x64-gnu": ["@rollup/rollup-linux-x64-gnu@4.44.2", "", { "os": "linux", "cpu": "x64" }, "sha512-/bXb0bEsWMyEkIsUL2Yt5nFB5naLAwyOWMEviQfQY1x3l5WsLKgvZf66TM7UTfED6erckUVUJQ/jJ1FSpm3pRQ=="],

    "@rollup/rollup-linux-x64-musl": ["@rollup/rollup-linux-x64-musl@4.44.2", "", { "os": "linux", "cpu": "x64" }, "sha512-3D3OB1vSSBXmkGEZR27uiMRNiwN08/RVAcBKwhUYPaiZ8bcvdeEwWPvbnXvvXHY+A/7xluzcN+kaiOFNiOZwWg=="],

    "@rollup/rollup-win32-arm64-msvc": ["@rollup/rollup-win32-arm64-msvc@4.44.2", "", { "os": "win32", "cpu": "arm64" }, "sha512-VfU0fsMK+rwdK8mwODqYeM2hDrF2WiHaSmCBrS7gColkQft95/8tphyzv2EupVxn3iE0FI78wzffoULH1G+dkw=="],

    "@rollup/rollup-win32-ia32-msvc": ["@rollup/rollup-win32-ia32-msvc@4.44.2", "", { "os": "win32", "cpu": "ia32" }, "sha512-+qMUrkbUurpE6DVRjiJCNGZBGo9xM4Y0FXU5cjgudWqIBWbcLkjE3XprJUsOFgC6xjBClwVa9k6O3A7K3vxb5Q=="],

    "@rollup/rollup-win32-x64-msvc": ["@rollup/rollup-win32-x64-msvc@4.44.2", "", { "os": "win32", "cpu": "x64" }, "sha512-3+QZROYfJ25PDcxFF66UEk8jGWigHJeecZILvkPkyQN7oc5BvFo4YEXFkOs154j3FTMp9mn9Ky8RCOwastduEA=="],

    "@sveltejs/acorn-typescript": ["@sveltejs/acorn-typescript@1.0.5", "", { "peerDependencies": { "acorn": "^8.9.0" } }, "sha512-IwQk4yfwLdibDlrXVE04jTZYlLnwsTT2PIOQQGNLWfjavGifnk1JD1LcZjZaBTRcxZu2FfPfNLOE04DSu9lqtQ=="],

    "@sveltejs/adapter-vercel": ["@sveltejs/adapter-vercel@5.7.2", "", { "dependencies": { "@vercel/nft": "^0.29.2", "esbuild": "^0.25.4" }, "peerDependencies": { "@sveltejs/kit": "^2.4.0" } }, "sha512-YuFi8qgetcmvlXLqMPDKrloH/bLq31DYHSQHS2oLujES+PomJIeE7/JxYhxFStauL9QDqQ8PwOFwcZrdU/vVtg=="],

    "@sveltejs/kit": ["@sveltejs/kit@2.22.2", "", { "dependencies": { "@sveltejs/acorn-typescript": "^1.0.5", "@types/cookie": "^0.6.0", "acorn": "^8.14.1", "cookie": "^0.6.0", "devalue": "^5.1.0", "esm-env": "^1.2.2", "kleur": "^4.1.5", "magic-string": "^0.30.5", "mrmime": "^2.0.0", "sade": "^1.8.1", "set-cookie-parser": "^2.6.0", "sirv": "^3.0.0", "vitefu": "^1.0.6" }, "peerDependencies": { "@sveltejs/vite-plugin-svelte": "^3.0.0 || ^4.0.0-next.1 || ^5.0.0 || ^6.0.0-next.0", "svelte": "^4.0.0 || ^5.0.0-next.0", "vite": "^5.0.3 || ^6.0.0 || ^7.0.0-beta.0" }, "bin": { "svelte-kit": "svelte-kit.js" } }, "sha512-2MvEpSYabUrsJAoq5qCOBGAlkICjfjunrnLcx3YAk2XV7TvAIhomlKsAgR4H/4uns5rAfYmj7Wet5KRtc8dPIg=="],

    "@sveltejs/vite-plugin-svelte": ["@sveltejs/vite-plugin-svelte@5.1.0", "", { "dependencies": { "@sveltejs/vite-plugin-svelte-inspector": "^4.0.1", "debug": "^4.4.1", "deepmerge": "^4.3.1", "kleur": "^4.1.5", "magic-string": "^0.30.17", "vitefu": "^1.0.6" }, "peerDependencies": { "svelte": "^5.0.0", "vite": "^6.0.0" } }, "sha512-wojIS/7GYnJDYIg1higWj2ROA6sSRWvcR1PO/bqEyFr/5UZah26c8Cz4u0NaqjPeVltzsVpt2Tm8d2io0V+4Tw=="],

    "@sveltejs/vite-plugin-svelte-inspector": ["@sveltejs/vite-plugin-svelte-inspector@4.0.1", "", { "dependencies": { "debug": "^4.3.7" }, "peerDependencies": { "@sveltejs/vite-plugin-svelte": "^5.0.0", "svelte": "^5.0.0", "vite": "^6.0.0" } }, "sha512-J/Nmb2Q2y7mck2hyCX4ckVHcR5tu2J+MtBEQqpDrrgELZ2uvraQcK/ioCV61AqkdXFgriksOKIceDcQmqnGhVw=="],

    "@types/cookie": ["@types/cookie@0.6.0", "", {}, "sha512-4Kh9a6B2bQciAhf7FSuMRRkUWecJgJu9nPnx3yzpsfXX/c50REIqpHY4C82bXP90qrLtXtkDxTZosYO3UpOwlA=="],

    "@types/estree": ["@types/estree@1.0.7", "", {}, "sha512-w28IoSUCJpidD/TGviZwwMJckNESJZXFu7NBZ5YJ4mEUnNraUn9Pm8HSZm/jDF1pDWYKspWE7oVphigUPRakIQ=="],

    "@vercel/nft": ["@vercel/nft@0.29.2", "", { "dependencies": { "@mapbox/node-pre-gyp": "^2.0.0", "@rollup/pluginutils": "^5.1.3", "acorn": "^8.6.0", "acorn-import-attributes": "^1.9.5", "async-sema": "^3.1.1", "bindings": "^1.4.0", "estree-walker": "2.0.2", "glob": "^10.4.5", "graceful-fs": "^4.2.9", "node-gyp-build": "^4.2.2", "picomatch": "^4.0.2", "resolve-from": "^5.0.0" }, "bin": { "nft": "out/cli.js" } }, "sha512-A/Si4mrTkQqJ6EXJKv5EYCDQ3NL6nJXxG8VGXePsaiQigsomHYQC9xSpX8qGk7AEZk4b1ssbYIqJ0ISQQ7bfcA=="],

    "abbrev": ["abbrev@3.0.0", "", {}, "sha512-+/kfrslGQ7TNV2ecmQwMJj/B65g5KVq1/L3SGVZ3tCYGqlzFuFCGBZJtMP99wH3NpEUyAjn0zPdPUg0D+DwrOA=="],

    "acorn": ["acorn@8.14.1", "", { "bin": "bin/acorn" }, "sha512-OvQ/2pUDKmgfCg++xsTX1wGxfTaszcHVcTctW4UJB4hibJx2HXxxO5UmVgyjMa+ZDsiaf5wWLXYpRWMmBI0QHg=="],

    "acorn-import-attributes": ["acorn-import-attributes@1.9.5", "", { "peerDependencies": { "acorn": "^8" } }, "sha512-n02Vykv5uA3eHGM/Z2dQrcD56kL8TyDb2p1+0P83PClMnC/nc+anbQRhIOWnSq4Ke/KvDPrY3C9hDtC/A3eHnQ=="],

    "agent-base": ["agent-base@7.1.3", "", {}, "sha512-jRR5wdylq8CkOe6hei19GGZnxM6rBGwFl3Bg0YItGDimvjGtAvdZk4Pu6Cl4u4Igsws4a1fd1Vq3ezrhn4KmFw=="],

    "ansi-regex": ["ansi-regex@6.1.0", "", {}, "sha512-7HSX4QQb4CspciLpVFwyRe79O3xsIZDDLER21kERQ71oaPodF8jL725AgJMFAYbooIqolJoRLuM81SpeUkpkvA=="],

    "ansi-styles": ["ansi-styles@6.2.1", "", {}, "sha512-bN798gFfQX+viw3R7yrGWRqnrN2oRkEkUjjl4JNn4E8GxxbjtG3FbrEIIY3l8/hrwUwIeCZvi4QuOTP4MErVug=="],

    "aria-query": ["aria-query@5.3.2", "", {}, "sha512-COROpnaoap1E2F000S62r6A60uHZnmlvomhfyT2DlTcrY1OrBKn2UhH7qn5wTC9zMvD0AY7csdPSNwKP+7WiQw=="],

    "async-sema": ["async-sema@3.1.1", "", {}, "sha512-tLRNUXati5MFePdAk8dw7Qt7DpxPB60ofAgn8WRhW6a2rcimZnYBP9oxHiv0OHy+Wz7kPMG+t4LGdt31+4EmGg=="],

    "axobject-query": ["axobject-query@4.1.0", "", {}, "sha512-qIj0G9wZbMGNLjLmg1PT6v2mE9AH2zlnADJD/2tC6E00hgmhUOfEB6greHPAfLRSufHqROIUTkw6E+M3lH0PTQ=="],

    "balanced-match": ["balanced-match@1.0.2", "", {}, "sha512-3oSeUO0TMV67hN1AmbXsK4yaqU7tjiHlbxRDZOpH0KW9+CeX4bRAaX0Anxt0tx2MrpRpWwQaPwIlISEJhYU5Pw=="],

    "bindings": ["bindings@1.5.0", "", { "dependencies": { "file-uri-to-path": "1.0.0" } }, "sha512-p2q/t/mhvuOj/UeLlV6566GD/guowlr0hHxClI0W9m7MWYkL1F0hLo+0Aexs9HSPCtR1SXQ0TD3MMKrXZajbiQ=="],

    "brace-expansion": ["brace-expansion@2.0.1", "", { "dependencies": { "balanced-match": "^1.0.0" } }, "sha512-XnAIvQ8eM+kC6aULx6wuQiwVsnzsi9d3WxzV3FpWTGA19F621kwdbsAcFKXgKUHZWsy+mY6iL1sHTxWEFCytDA=="],

    "chokidar": ["chokidar@4.0.3", "", { "dependencies": { "readdirp": "^4.0.1" } }, "sha512-Qgzu8kfBvo+cA4962jnP1KkS6Dop5NS6g7R5LFYJr4b8Ub94PPQXUksCw9PvXoeXPRRddRNC5C1JQUR2SMGtnA=="],

    "chownr": ["chownr@3.0.0", "", {}, "sha512-+IxzY9BZOQd/XuYPRmrvEVjF/nqj5kgT4kEq7VofrDoM1MxoRjEWkrCC3EtLi59TVawxTAn+orJwFQcrqEN1+g=="],

    "clsx": ["clsx@2.1.1", "", {}, "sha512-eYm0QWBtUrBWZWG0d386OGAw16Z995PiOVo2B7bjWSbHedGl5e0ZWaq65kOGgUSNesEIDkB9ISbTg/JK9dhCZA=="],

    "color-convert": ["color-convert@2.0.1", "", { "dependencies": { "color-name": "~1.1.4" } }, "sha512-RRECPsj7iu/xb5oKYcsFHSppFNnsj/52OVTRKb4zP5onXwVF3zVmmToNcOfGC+CRDpfK/U584fMg38ZHCaElKQ=="],

    "color-name": ["color-name@1.1.4", "", {}, "sha512-dOy+3AuW3a2wNbZHIuMZpTcgjGuLU/uBL/ubcZF9OXbDo8ff4O8yVp5Bf0efS8uEoYo5q4Fx7dY9OgQGXgAsQA=="],

    "consola": ["consola@3.4.2", "", {}, "sha512-5IKcdX0nnYavi6G7TtOhwkYzyjfJlatbjMjuLSfE2kYT5pMDOilZ4OvMhi637CcDICTmz3wARPoyhqyX1Y+XvA=="],

    "cookie": ["cookie@0.6.0", "", {}, "sha512-U71cyTamuh1CRNCfpGY6to28lxvNwPG4Guz/EVjgf3Jmzv0vlDp1atT9eS5dDjMYHucpHbWns6Lwf3BKz6svdw=="],

    "cross-spawn": ["cross-spawn@7.0.6", "", { "dependencies": { "path-key": "^3.1.0", "shebang-command": "^2.0.0", "which": "^2.0.1" } }, "sha512-uV2QOWP2nWzsy2aMp8aRibhi9dlzF5Hgh5SHaB9OiTGEyDTiJJyx0uy51QXdyWbtAHNua4XJzUKca3OzKUd3vA=="],

    "debug": ["debug@4.4.1", "", { "dependencies": { "ms": "^2.1.3" } }, "sha512-KcKCqiftBJcZr++7ykoDIEwSa3XWowTfNPo92BYxjXiyYEVrUQh2aLyhxBCwww+heortUFxEJYcRzosstTEBYQ=="],

    "deepmerge": ["deepmerge@4.3.1", "", {}, "sha512-3sUqbMEc77XqpdNO7FRyRog+eW3ph+GYCbj+rK+uYyRMuwsVy0rMiVtPn+QJlKFvWP/1PYpapqYn0Me2knFn+A=="],

    "detect-libc": ["detect-libc@2.0.3", "", {}, "sha512-bwy0MGW55bG41VqxxypOsdSdGqLwXPI/focwgTYCFMbdUiBAxLg9CFzG08sz2aqzknwiX7Hkl0bQENjg8iLByw=="],

    "devalue": ["devalue@5.1.1", "", {}, "sha512-maua5KUiapvEwiEAe+XnlZ3Rh0GD+qI1J/nb9vrJc3muPXvcF/8gXYTWF76+5DAqHyDUtOIImEuo0YKE9mshVw=="],

    "eastasianwidth": ["eastasianwidth@0.2.0", "", {}, "sha512-I88TYZWc9XiYHRQ4/3c5rjjfgkjhLyW2luGIheGERbNQ6OY7yTybanSpDXZa8y7VUP9YmDcYa+eyq4ca7iLqWA=="],

    "emoji-regex": ["emoji-regex@9.2.2", "", {}, "sha512-L18DaJsXSUk2+42pv8mLs5jJT2hqFkFE4j21wOmgbUqsZ2hL72NsUU785g9RXgo3s0ZNgVl42TiHp3ZtOv/Vyg=="],

    "esbuild": ["esbuild@0.25.6", "", { "optionalDependencies": { "@esbuild/aix-ppc64": "0.25.6", "@esbuild/android-arm": "0.25.6", "@esbuild/android-arm64": "0.25.6", "@esbuild/android-x64": "0.25.6", "@esbuild/darwin-arm64": "0.25.6", "@esbuild/darwin-x64": "0.25.6", "@esbuild/freebsd-arm64": "0.25.6", "@esbuild/freebsd-x64": "0.25.6", "@esbuild/linux-arm": "0.25.6", "@esbuild/linux-arm64": "0.25.6", "@esbuild/linux-ia32": "0.25.6", "@esbuild/linux-loong64": "0.25.6", "@esbuild/linux-mips64el": "0.25.6", "@esbuild/linux-ppc64": "0.25.6", "@esbuild/linux-riscv64": "0.25.6", "@esbuild/linux-s390x": "0.25.6", "@esbuild/linux-x64": "0.25.6", "@esbuild/netbsd-arm64": "0.25.6", "@esbuild/netbsd-x64": "0.25.6", "@esbuild/openbsd-arm64": "0.25.6", "@esbuild/openbsd-x64": "0.25.6", "@esbuild/openharmony-arm64": "0.25.6", "@esbuild/sunos-x64": "0.25.6", "@esbuild/win32-arm64": "0.25.6", "@esbuild/win32-ia32": "0.25.6", "@esbuild/win32-x64": "0.25.6" }, "bin": { "esbuild": "bin/esbuild" } }, "sha512-GVuzuUwtdsghE3ocJ9Bs8PNoF13HNQ5TXbEi2AhvVb8xU1Iwt9Fos9FEamfoee+u/TOsn7GUWc04lz46n2bbTg=="],

    "esm-env": ["esm-env@1.2.2", "", {}, "sha512-Epxrv+Nr/CaL4ZcFGPJIYLWFom+YeV1DqMLHJoEd9SYRxNbaFruBwfEX/kkHUJf55j2+TUbmDcmuilbP1TmXHA=="],

    "esrap": ["esrap@2.1.0", "", { "dependencies": { "@jridgewell/sourcemap-codec": "^1.4.15" } }, "sha512-yzmPNpl7TBbMRC5Lj2JlJZNPml0tzqoqP5B1JXycNUwtqma9AKCO0M2wHrdgsHcy1WRW7S9rJknAMtByg3usgA=="],

    "estree-walker": ["estree-walker@2.0.2", "", {}, "sha512-Rfkk/Mp/DL7JVje3u18FxFujQlTNR2q6QfMSMB7AvCBx91NGj/ba3kCfza0f6dVDbw7YlRf/nDrn7pQrCCyQ/w=="],

    "fdir": ["fdir@6.4.6", "", { "peerDependencies": { "picomatch": "^3 || ^4" }, "optionalPeers": ["picomatch"] }, "sha512-hiFoqpyZcfNm1yc4u8oWCf9A2c4D3QjCrks3zmoVKVxpQRzmPNar1hUJcBG2RQHvEVGDN+Jm81ZheVLAQMK6+w=="],

    "file-uri-to-path": ["file-uri-to-path@1.0.0", "", {}, "sha512-0Zt+s3L7Vf1biwWZ29aARiVYLx7iMGnEUl9x33fbB/j3jR81u/O2LbqK+Bm1CDSNDKVtJ/YjwY7TUd5SkeLQLw=="],

    "foreground-child": ["foreground-child@3.3.1", "", { "dependencies": { "cross-spawn": "^7.0.6", "signal-exit": "^4.0.1" } }, "sha512-gIXjKqtFuWEgzFRJA9WCQeSJLZDjgJUOMCMzxtvFq/37KojM1BFGufqsCy0r4qSQmYLsZYMeyRqzIWOMup03sw=="],

    "fsevents": ["fsevents@2.3.3", "", { "os": "darwin" }, "sha512-5xoDfX+fL7faATnagmWPpbFtwh/R77WmMMqqHGS65C3vvB0YHrgF+B1YmZ3441tMj5n63k0212XNoJwzlhffQw=="],

    "glob": ["glob@10.4.5", "", { "dependencies": { "foreground-child": "^3.1.0", "jackspeak": "^3.1.2", "minimatch": "^9.0.4", "minipass": "^7.1.2", "package-json-from-dist": "^1.0.0", "path-scurry": "^1.11.1" }, "bin": "dist/esm/bin.mjs" }, "sha512-7Bv8RF0k6xjo7d4A/PxYLbUCfb6c+Vpd2/mB2yRDlew7Jb5hEXiCD9ibfO7wpk8i4sevK6DFny9h7EYbM3/sHg=="],

    "graceful-fs": ["graceful-fs@4.2.11", "", {}, "sha512-RbJ5/jmFcNNCcDV5o9eTnBLJ/HszWV0P73bc+Ff4nS/rJj+YaS6IGyiOL0VoBYX+l1Wrl3k63h/KrH+nhJ0XvQ=="],

    "hex-rgb": ["hex-rgb@5.0.0", "", {}, "sha512-NQO+lgVUCtHxZ792FodgW0zflK+ozS9X9dwGp9XvvmPlH7pyxd588cn24TD3rmPm/N0AIRXF10Otah8yKqGw4w=="],

    "https-proxy-agent": ["https-proxy-agent@7.0.6", "", { "dependencies": { "agent-base": "^7.1.2", "debug": "4" } }, "sha512-vK9P5/iUfdl95AI+JVyUuIcVtd4ofvtrOr3HNtM2yxC9bnMbEdp3x01OhQNnjb8IJYi38VlTE3mBXwcfvywuSw=="],

    "is-fullwidth-code-point": ["is-fullwidth-code-point@3.0.0", "", {}, "sha512-zymm5+u+sCsSWyD9qNaejV3DFvhCKclKdizYaJUuHA83RLjb7nSuGnddCHGv0hk+KY7BMAlsWeK4Ueg6EV6XQg=="],

    "is-reference": ["is-reference@3.0.3", "", { "dependencies": { "@types/estree": "^1.0.6" } }, "sha512-ixkJoqQvAP88E6wLydLGGqCJsrFUnqoH6HnaczB8XmDH1oaWU+xxdptvikTgaEhtZ53Ky6YXiBuUI2WXLMCwjw=="],

    "isexe": ["isexe@2.0.0", "", {}, "sha512-RHxMLp9lnKHGHRng9QFhRCMbYAcVpn69smSGcq3f36xjgVVWThj4qqLbTLlq7Ssj8B+fIQ1EuCEGI2lKsyQeIw=="],

    "jackspeak": ["jackspeak@3.4.3", "", { "dependencies": { "@isaacs/cliui": "^8.0.2" }, "optionalDependencies": { "@pkgjs/parseargs": "^0.11.0" } }, "sha512-OGlZQpz2yfahA/Rd1Y8Cd9SIEsqvXkLVoSw/cgwhnhFMDbsQFeZYoJJ7bIZBS9BcamUW96asq/npPWugM+RQBw=="],

    "kleur": ["kleur@4.1.5", "", {}, "sha512-o+NO+8WrRiQEE4/7nwRJhN1HWpVmJm511pBHUxPLtp0BUISzlBplORYSmTclCnJvQq2tKu/sgl3xVpkc7ZWuQQ=="],

    "locate-character": ["locate-character@3.0.0", "", {}, "sha512-SW13ws7BjaeJ6p7Q6CO2nchbYEc3X3J6WrmTTDto7yMPqVSZTUyY5Tjbid+Ab8gLnATtygYtiDIJGQRRn2ZOiA=="],

    "lru-cache": ["lru-cache@10.4.3", "", {}, "sha512-JNAzZcXrCt42VGLuYz0zfAzDfAvJWW6AfYlDBQyDV5DClI2m5sAmK+OIO7s59XfsRsWHp02jAJrRadPRGTt6SQ=="],

    "magic-string": ["magic-string@0.30.17", "", { "dependencies": { "@jridgewell/sourcemap-codec": "^1.5.0" } }, "sha512-sNPKHvyjVf7gyjwS4xGTaW/mCnF8wnjtifKBEhxfZ7E/S8tQ0rssrwGNn6q8JH/ohItJfSQp9mBtQYuTlH5QnA=="],

    "minimatch": ["minimatch@9.0.5", "", { "dependencies": { "brace-expansion": "^2.0.1" } }, "sha512-G6T0ZX48xgozx7587koeX9Ys2NYy6Gmv//P89sEte9V9whIapMNF4idKxnW2QtCcLiTWlb/wfCabAtAFWhhBow=="],

    "minipass": ["minipass@7.1.2", "", {}, "sha512-qOOzS1cBTWYF4BH8fVePDBOO9iptMnGUEZwNc/cMWnTV2nVLZ7VoNWEPHkYczZA0pdoA7dl6e7FL659nX9S2aw=="],

    "minizlib": ["minizlib@3.0.1", "", { "dependencies": { "minipass": "^7.0.4", "rimraf": "^5.0.5" } }, "sha512-umcy022ILvb5/3Djuu8LWeqUa8D68JaBzlttKeMWen48SjabqS3iY5w/vzeMzMUNhLDifyhbOwKDSznB1vvrwg=="],

    "mkdirp": ["mkdirp@3.0.1", "", { "bin": "dist/cjs/src/bin.js" }, "sha512-+NsyUUAZDmo6YVHzL/stxSu3t9YS1iljliy3BSDrXJ/dkn1KYdmtZODGGjLcc9XLgVVpH4KshHB8XmZgMhaBXg=="],

    "mri": ["mri@1.2.0", "", {}, "sha512-tzzskb3bG8LvYGFF/mDTpq3jpI6Q9wc3LEmBaghu+DdCssd1FakN7Bc0hVNmEyGq1bq3RgfkCb3cmQLpNPOroA=="],

    "mrmime": ["mrmime@2.0.1", "", {}, "sha512-Y3wQdFg2Va6etvQ5I82yUhGdsKrcYox6p7FfL1LbK2J4V01F9TGlepTIhnK24t7koZibmg82KGglhA1XK5IsLQ=="],

    "ms": ["ms@2.1.3", "", {}, "sha512-6FlzubTLZG3J2a/NVCAleEhjzq5oxgHyaCU9yYXvcLsvoVaHJq/s5xXI6/XXP6tz7R9xAOtHnSO/tXtF3WRTlA=="],

    "nanoid": ["nanoid@3.3.11", "", { "bin": "bin/nanoid.cjs" }, "sha512-N8SpfPUnUp1bK+PMYW8qSWdl9U+wwNWI4QKxOYDy9JAro3WMX7p2OeVRF9v+347pnakNevPmiHhNmZ2HbFA76w=="],

    "node-fetch": ["node-fetch@2.7.0", "", { "dependencies": { "whatwg-url": "^5.0.0" }, "peerDependencies": { "encoding": "^0.1.0" }, "optionalPeers": ["encoding"] }, "sha512-c4FRfUm/dbcWZ7U+1Wq0AwCyFL+3nt2bEw05wfxSz+DWpWsitgmSgYmy2dQdWyKC1694ELPqMs/YzUSNozLt8A=="],

    "node-gyp-build": ["node-gyp-build@4.8.4", "", { "bin": { "node-gyp-build": "bin.js", "node-gyp-build-optional": "optional.js", "node-gyp-build-test": "build-test.js" } }, "sha512-LA4ZjwlnUblHVgq0oBF3Jl/6h/Nvs5fzBLwdEF4nuxnFdsfajde4WfxtJr3CaiH+F6ewcIB/q4jQ4UzPyid+CQ=="],

    "nopt": ["nopt@8.1.0", "", { "dependencies": { "abbrev": "^3.0.0" }, "bin": "bin/nopt.js" }, "sha512-ieGu42u/Qsa4TFktmaKEwM6MQH0pOWnaB3htzh0JRtx84+Mebc0cbZYN5bC+6WTZ4+77xrL9Pn5m7CV6VIkV7A=="],

    "package-json-from-dist": ["package-json-from-dist@1.0.1", "", {}, "sha512-UEZIS3/by4OC8vL3P2dTXRETpebLI2NiI5vIrjaD/5UtrkFX/tNbwjTSRAGC/+7CAo2pIcBaRgWmcBBHcsaCIw=="],

    "path-key": ["path-key@3.1.1", "", {}, "sha512-ojmeN0qd+y0jszEtoY48r0Peq5dwMEkIlCOu6Q5f41lfkswXuKtYrhgoTpLnyIcHm24Uhqx+5Tqm2InSwLhE6Q=="],

    "path-scurry": ["path-scurry@1.11.1", "", { "dependencies": { "lru-cache": "^10.2.0", "minipass": "^5.0.0 || ^6.0.2 || ^7.0.0" } }, "sha512-Xa4Nw17FS9ApQFJ9umLiJS4orGjm7ZzwUrwamcGQuHSzDyth9boKDaycYdDcZDuqYATXw4HFXgaqWTctW/v1HA=="],

    "picocolors": ["picocolors@1.1.1", "", {}, "sha512-xceH2snhtb5M9liqDsmEw56le376mTZkEX/jEb/RxNFyegNul7eNslCXP9FDj/Lcu0X8KEyMceP2ntpaHrDEVA=="],

    "picomatch": ["picomatch@4.0.2", "", {}, "sha512-M7BAV6Rlcy5u+m6oPhAPFgJTzAioX/6B0DxyvDlo9l8+T3nLKbrczg2WLUyzd45L8RqfUMyGPzekbMvX2Ldkwg=="],

    "postcss": ["postcss@8.5.6", "", { "dependencies": { "nanoid": "^3.3.11", "picocolors": "^1.1.1", "source-map-js": "^1.2.1" } }, "sha512-3Ybi1tAuwAP9s0r1UQ2J4n5Y0G05bJkpUIO0/bI9MhwmD70S5aTWbXGBwxHrelT+XM1k6dM0pk+SwNkpTRN7Pg=="],

    "prettier": ["prettier@3.6.2", "", { "bin": { "prettier": "bin/prettier.cjs" } }, "sha512-I7AIg5boAr5R0FFtJ6rCfD+LFsWHp81dolrFD8S79U9tb8Az2nGrJncnMSnys+bpQJfRUzqs9hnA81OAA3hCuQ=="],

    "prettier-plugin-svelte": ["prettier-plugin-svelte@3.4.0", "", { "peerDependencies": { "prettier": "^3.0.0", "svelte": "^3.2.0 || ^4.0.0-next.0 || ^5.0.0-next.0" } }, "sha512-pn1ra/0mPObzqoIQn/vUTR3ZZI6UuZ0sHqMK5x2jMLGrs53h0sXhkVuDcrlssHwIMk7FYrMjHBPoUSyyEEDlBQ=="],

    "readdirp": ["readdirp@4.1.2", "", {}, "sha512-GDhwkLfywWL2s6vEjyhri+eXmfH6j1L7JE27WhqLeYzoh/A3DBaYGEj2H/HFZCn/kMfim73FXxEJTw06WtxQwg=="],

    "resolve-from": ["resolve-from@5.0.0", "", {}, "sha512-qYg9KP24dD5qka9J47d0aVky0N+b4fTU89LN9iDnjB5waksiC49rvMB0PrUJQGoTmH50XPiqOvAjDfaijGxYZw=="],

    "rimraf": ["rimraf@5.0.10", "", { "dependencies": { "glob": "^10.3.7" }, "bin": "dist/esm/bin.mjs" }, "sha512-l0OE8wL34P4nJH/H2ffoaniAokM2qSmrtXHmlpvYr5AVVX8msAyW0l8NVJFDxlSK4u3Uh/f41cQheDVdnYijwQ=="],

    "rollup": ["rollup@4.44.2", "", { "dependencies": { "@types/estree": "1.0.8" }, "optionalDependencies": { "@rollup/rollup-android-arm-eabi": "4.44.2", "@rollup/rollup-android-arm64": "4.44.2", "@rollup/rollup-darwin-arm64": "4.44.2", "@rollup/rollup-darwin-x64": "4.44.2", "@rollup/rollup-freebsd-arm64": "4.44.2", "@rollup/rollup-freebsd-x64": "4.44.2", "@rollup/rollup-linux-arm-gnueabihf": "4.44.2", "@rollup/rollup-linux-arm-musleabihf": "4.44.2", "@rollup/rollup-linux-arm64-gnu": "4.44.2", "@rollup/rollup-linux-arm64-musl": "4.44.2", "@rollup/rollup-linux-loongarch64-gnu": "4.44.2", "@rollup/rollup-linux-powerpc64le-gnu": "4.44.2", "@rollup/rollup-linux-riscv64-gnu": "4.44.2", "@rollup/rollup-linux-riscv64-musl": "4.44.2", "@rollup/rollup-linux-s390x-gnu": "4.44.2", "@rollup/rollup-linux-x64-gnu": "4.44.2", "@rollup/rollup-linux-x64-musl": "4.44.2", "@rollup/rollup-win32-arm64-msvc": "4.44.2", "@rollup/rollup-win32-ia32-msvc": "4.44.2", "@rollup/rollup-win32-x64-msvc": "4.44.2", "fsevents": "~2.3.2" }, "bin": { "rollup": "dist/bin/rollup" } }, "sha512-PVoapzTwSEcelaWGth3uR66u7ZRo6qhPHc0f2uRO9fX6XDVNrIiGYS0Pj9+R8yIIYSD/mCx2b16Ws9itljKSPg=="],

    "sade": ["sade@1.8.1", "", { "dependencies": { "mri": "^1.1.0" } }, "sha512-xal3CZX1Xlo/k4ApwCFrHVACi9fBqJ7V+mwhBsuf/1IOKbBy098Fex+Wa/5QMubw09pSZ/u8EY8PWgevJsXp1A=="],

    "semver": ["semver@7.7.1", "", { "bin": "bin/semver.js" }, "sha512-hlq8tAfn0m/61p4BVRcPzIGr6LKiMwo4VM6dGi6pt4qcRkmNzTcWq6eCEjEh+qXjkMDvPlOFFSGwQjoEa6gyMA=="],

    "set-cookie-parser": ["set-cookie-parser@2.7.1", "", {}, "sha512-IOc8uWeOZgnb3ptbCURJWNjWUPcO3ZnTTdzsurqERrP6nPyv+paC55vJM0LpOlT2ne+Ix+9+CRG1MNLlyZ4GjQ=="],

    "shebang-command": ["shebang-command@2.0.0", "", { "dependencies": { "shebang-regex": "^3.0.0" } }, "sha512-kHxr2zZpYtdmrN1qDjrrX/Z1rR1kG8Dx+gkpK1G4eXmvXswmcE1hTWBWYUzlraYw1/yZp6YuDY77YtvbN0dmDA=="],

    "shebang-regex": ["shebang-regex@3.0.0", "", {}, "sha512-7++dFhtcx3353uBaq8DDR4NuxBetBzC7ZQOhmTQInHEd6bSrXdiEyzCvG07Z44UYdLShWUyXt5M/yhz8ekcb1A=="],

    "signal-exit": ["signal-exit@4.1.0", "", {}, "sha512-bzyZ1e88w9O1iNJbKnOlvYTrWPDl46O1bG0D3XInv+9tkPrxrN8jUUTiFlDkkmKWgn1M6CfIA13SuGqOa9Korw=="],

    "sirv": ["sirv@3.0.1", "", { "dependencies": { "@polka/url": "^1.0.0-next.24", "mrmime": "^2.0.0", "totalist": "^3.0.0" } }, "sha512-FoqMu0NCGBLCcAkS1qA+XJIQTR6/JHfQXl+uGteNCQ76T91DMUjPa9xfmeqMY3z80nLSg9yQmNjK0Px6RWsH/A=="],

    "source-map-js": ["source-map-js@1.2.1", "", {}, "sha512-UXWMKhLOwVKb728IUtQPXxfYU+usdybtUrK/8uGE8CQMvrhOpwvzDBwj0QhSL7MQc7vIsISBG8VQ8+IDQxpfQA=="],

    "string-width": ["string-width@5.1.2", "", { "dependencies": { "eastasianwidth": "^0.2.0", "emoji-regex": "^9.2.2", "strip-ansi": "^7.0.1" } }, "sha512-HnLOCR3vjcY8beoNLtcjZ5/nxn2afmME6lhrDrebokqMap+XbeW8n9TXpPDOqdGK5qcI3oT0GKTW6wC7EMiVqA=="],

    "string-width-cjs": ["string-width@4.2.3", "", { "dependencies": { "emoji-regex": "^8.0.0", "is-fullwidth-code-point": "^3.0.0", "strip-ansi": "^6.0.1" } }, "sha512-wKyQRQpjJ0sIp62ErSZdGsjMJWsap5oRNihHhu6G7JVO/9jIB6UyevL+tXuOqrng8j/cxKTWyWUwvSTriiZz/g=="],

    "strip-ansi": ["strip-ansi@7.1.0", "", { "dependencies": { "ansi-regex": "^6.0.1" } }, "sha512-iq6eVVI64nQQTRYq2KtEg2d2uU7LElhTJwsH4YzIHZshxlgZms/wIc4VoDQTlG/IvVIrBKG06CrZnp0qv7hkcQ=="],

    "strip-ansi-cjs": ["strip-ansi@6.0.1", "", { "dependencies": { "ansi-regex": "^5.0.1" } }, "sha512-Y38VPSHcqkFrCpFnQ9vuSXmquuv5oXOKpGeT6aGrr3o3Gc9AlVa6JBfUSOCnbxGGZF+/0ooI7KrPuUSztUdU5A=="],

    "svelte": ["svelte@5.35.4", "", { "dependencies": { "@ampproject/remapping": "^2.3.0", "@jridgewell/sourcemap-codec": "^1.5.0", "@sveltejs/acorn-typescript": "^1.0.5", "@types/estree": "^1.0.5", "acorn": "^8.12.1", "aria-query": "^5.3.1", "axobject-query": "^4.1.0", "clsx": "^2.1.1", "esm-env": "^1.2.1", "esrap": "^2.1.0", "is-reference": "^3.0.3", "locate-character": "^3.0.0", "magic-string": "^0.30.11", "zimmerframe": "^1.1.2" } }, "sha512-NUUD+GcV/uvLBANoFwPNtnlkJM77PEkYYH6TChRZnGI1a5UHc9k2Glq7jxGtClfVz2ZhEvpg+c4yS577qM1c6g=="],

    "svelte-check": ["svelte-check@4.2.2", "", { "dependencies": { "@jridgewell/trace-mapping": "^0.3.25", "chokidar": "^4.0.1", "fdir": "^6.2.0", "picocolors": "^1.0.0", "sade": "^1.7.4" }, "peerDependencies": { "svelte": "^4.0.0 || ^5.0.0-next.0", "typescript": ">=5.0.0" }, "bin": { "svelte-check": "bin/svelte-check" } }, "sha512-1+31EOYZ7NKN0YDMKusav2hhEoA51GD9Ws6o//0SphMT0ve9mBTsTUEX7OmDMadUP3KjNHsSKtJrqdSaD8CrGQ=="],

    "tar": ["tar@7.4.3", "", { "dependencies": { "@isaacs/fs-minipass": "^4.0.0", "chownr": "^3.0.0", "minipass": "^7.1.2", "minizlib": "^3.0.1", "mkdirp": "^3.0.1", "yallist": "^5.0.0" } }, "sha512-5S7Va8hKfV7W5U6g3aYxXmlPoZVAwUMy9AOKyF2fVuZa2UD3qZjg578OrLRt8PcNN1PleVaL/5/yYATNL0ICUw=="],

    "tinyglobby": ["tinyglobby@0.2.14", "", { "dependencies": { "fdir": "^6.4.4", "picomatch": "^4.0.2" } }, "sha512-tX5e7OM1HnYr2+a2C/4V0htOcSQcoSTH9KgJnVvNm5zm/cyEWKJ7j7YutsH9CxMdtOkkLFy2AHrMci9IM8IPZQ=="],

    "totalist": ["totalist@3.0.1", "", {}, "sha512-sf4i37nQ2LBx4m3wB74y+ubopq6W/dIzXg0FDGjsYnZHVa1Da8FH853wlL2gtUhg+xJXjfk3kUZS3BRoQeoQBQ=="],

    "tr46": ["tr46@0.0.3", "", {}, "sha512-N3WMsuqV66lT30CrXNbEjx4GEwlow3v6rr4mCcv6prnfwhS01rkgyFdjPNBYd9br7LpXV1+Emh01fHnq2Gdgrw=="],

    "typescript": ["typescript@5.8.3", "", { "bin": { "tsc": "bin/tsc", "tsserver": "bin/tsserver" } }, "sha512-p1diW6TqL9L07nNxvRMM7hMMw4c5XOo/1ibL4aAIGmSAt9slTE1Xgw5KWuof2uTOvCg9BY7ZRi+GaF+7sfgPeQ=="],

    "vite": ["vite@7.0.3", "", { "dependencies": { "esbuild": "^0.25.0", "fdir": "^6.4.6", "picomatch": "^4.0.2", "postcss": "^8.5.6", "rollup": "^4.40.0", "tinyglobby": "^0.2.14" }, "optionalDependencies": { "fsevents": "~2.3.3" }, "peerDependencies": { "@types/node": "^20.19.0 || >=22.12.0", "jiti": ">=1.21.0", "less": "^4.0.0", "lightningcss": "^1.21.0", "sass": "^1.70.0", "sass-embedded": "^1.70.0", "stylus": ">=0.54.8", "sugarss": "^5.0.0", "terser": "^5.16.0", "tsx": "^4.8.1", "yaml": "^2.4.2" }, "optionalPeers": ["@types/node", "jiti", "less", "lightningcss", "sass", "sass-embedded", "stylus", "sugarss", "terser", "tsx", "yaml"], "bin": { "vite": "bin/vite.js" } }, "sha512-y2L5oJZF7bj4c0jgGYgBNSdIu+5HF+m68rn2cQXFbGoShdhV1phX9rbnxy9YXj82aS8MMsCLAAFkRxZeWdldrQ=="],

    "vitefu": ["vitefu@1.0.6", "", { "peerDependencies": { "vite": "^3.0.0 || ^4.0.0 || ^5.0.0 || ^6.0.0" } }, "sha512-+Rex1GlappUyNN6UfwbVZne/9cYC4+R2XDk9xkNXBKMw6HQagdX9PgZ8V2v1WUSK1wfBLp7qbI1+XSNIlB1xmA=="],

    "webidl-conversions": ["webidl-conversions@3.0.1", "", {}, "sha512-2JAn3z8AR6rjK8Sm8orRC0h/bcl/DqL7tRPdGZ4I1CjdF+EaMLmYxBHyXuKL849eucPFhvBoxMsflfOb8kxaeQ=="],

    "whatwg-url": ["whatwg-url@5.0.0", "", { "dependencies": { "tr46": "~0.0.3", "webidl-conversions": "^3.0.0" } }, "sha512-saE57nupxk6v3HY35+jzBwYa0rKSy0XR8JSxZPwgLr7ys0IBzhGviA1/TUGJLmSVqs8pb9AnvICXEuOHLprYTw=="],

    "which": ["which@2.0.2", "", { "dependencies": { "isexe": "^2.0.0" }, "bin": { "node-which": "bin/node-which" } }, "sha512-BLI3Tl1TW3Pvl70l3yq3Y64i+awpwXqsGBYWkkqMtnbXgrMD+yj7rhW0kuEDxzJaYXGjEW5ogapKNMEKNMjibA=="],

    "wrap-ansi": ["wrap-ansi@8.1.0", "", { "dependencies": { "ansi-styles": "^6.1.0", "string-width": "^5.0.1", "strip-ansi": "^7.0.1" } }, "sha512-si7QWI6zUMq56bESFvagtmzMdGOtoxfR+Sez11Mobfc7tm+VkUckk9bW2UeffTGVUbOksxmSw0AA2gs8g71NCQ=="],

    "wrap-ansi-cjs": ["wrap-ansi@7.0.0", "", { "dependencies": { "ansi-styles": "^4.0.0", "string-width": "^4.1.0", "strip-ansi": "^6.0.0" } }, "sha512-YVGIj2kamLSTxw6NsZjoBxfSwsn0ycdesmc4p+Q21c5zPuZ1pl+NfxVdxPtdHvmNVOQ6XSYG4AUtyt/Fi7D16Q=="],

    "yallist": ["yallist@5.0.0", "", {}, "sha512-YgvUTfwqyc7UXVMrB+SImsVYSmTS8X/tSrtdNZMImM+n7+QTriRXyXim0mBrTXNeqzVF0KWGgHPeiyViFFrNDw=="],

    "zimmerframe": ["zimmerframe@1.1.2", "", {}, "sha512-rAbqEGa8ovJy4pyBxZM70hg4pE6gDgaQ0Sl9M3enG3I0d6H4XSAM3GeNGLKnsBpuijUow064sf7ww1nutC5/3w=="],

    "@sveltejs/vite-plugin-svelte-inspector/debug": ["debug@4.4.0", "", { "dependencies": { "ms": "^2.1.3" } }, "sha512-6WTZ/IxCY/T6BALoZHaE4ctp9xm+Z5kY/pzYaCHRFeyVhojxlrm+46y68HA6hr0TcwEssoxNiDEUJQjfPZ/RYA=="],

    "https-proxy-agent/debug": ["debug@4.4.0", "", { "dependencies": { "ms": "^2.1.3" } }, "sha512-6WTZ/IxCY/T6BALoZHaE4ctp9xm+Z5kY/pzYaCHRFeyVhojxlrm+46y68HA6hr0TcwEssoxNiDEUJQjfPZ/RYA=="],

    "rollup/@types/estree": ["@types/estree@1.0.8", "", {}, "sha512-dWHzHa2WqEXI/O1E9OjrocMTKJl2mSrEolh1Iomrv6U+JuNwaHXsXx9bLu5gG7BUWFIN0skIQJQ/L1rIex4X6w=="],

    "string-width-cjs/emoji-regex": ["emoji-regex@8.0.0", "", {}, "sha512-MSjYzcWNOA0ewAHpz0MxpYFvwg6yjy1NG3xteoqz644VCo/RPgnr1/GGt+ic3iJTzQ8Eu3TdM14SawnVUmGE6A=="],

    "string-width-cjs/strip-ansi": ["strip-ansi@6.0.1", "", { "dependencies": { "ansi-regex": "^5.0.1" } }, "sha512-Y38VPSHcqkFrCpFnQ9vuSXmquuv5oXOKpGeT6aGrr3o3Gc9AlVa6JBfUSOCnbxGGZF+/0ooI7KrPuUSztUdU5A=="],

    "strip-ansi-cjs/ansi-regex": ["ansi-regex@5.0.1", "", {}, "sha512-quJQXlTSUGL2LH9SUXo8VwsY4soanhgo6LNSm84E1LBcE8s3O0wpdiRzyR9z/ZZJMlMWv37qOOb9pdJlMUEKFQ=="],

    "wrap-ansi-cjs/ansi-styles": ["ansi-styles@4.3.0", "", { "dependencies": { "color-convert": "^2.0.1" } }, "sha512-zbB9rCJAT1rbjiVDb2hqKFHNYLxgtk8NURxZ3IZwD3F6NtxbXZQCnnSi1Lkx+IDohdPlFp222wVALIheZJQSEg=="],

    "wrap-ansi-cjs/string-width": ["string-width@4.2.3", "", { "dependencies": { "emoji-regex": "^8.0.0", "is-fullwidth-code-point": "^3.0.0", "strip-ansi": "^6.0.1" } }, "sha512-wKyQRQpjJ0sIp62ErSZdGsjMJWsap5oRNihHhu6G7JVO/9jIB6UyevL+tXuOqrng8j/cxKTWyWUwvSTriiZz/g=="],

    "wrap-ansi-cjs/strip-ansi": ["strip-ansi@6.0.1", "", { "dependencies": { "ansi-regex": "^5.0.1" } }, "sha512-Y38VPSHcqkFrCpFnQ9vuSXmquuv5oXOKpGeT6aGrr3o3Gc9AlVa6JBfUSOCnbxGGZF+/0ooI7KrPuUSztUdU5A=="],

    "string-width-cjs/strip-ansi/ansi-regex": ["ansi-regex@5.0.1", "", {}, "sha512-quJQXlTSUGL2LH9SUXo8VwsY4soanhgo6LNSm84E1LBcE8s3O0wpdiRzyR9z/ZZJMlMWv37qOOb9pdJlMUEKFQ=="],

    "wrap-ansi-cjs/string-width/emoji-regex": ["emoji-regex@8.0.0", "", {}, "sha512-MSjYzcWNOA0ewAHpz0MxpYFvwg6yjy1NG3xteoqz644VCo/RPgnr1/GGt+ic3iJTzQ8Eu3TdM14SawnVUmGE6A=="],

    "wrap-ansi-cjs/strip-ansi/ansi-regex": ["ansi-regex@5.0.1", "", {}, "sha512-quJQXlTSUGL2LH9SUXo8VwsY4soanhgo6LNSm84E1LBcE8s3O0wpdiRzyR9z/ZZJMlMWv37qOOb9pdJlMUEKFQ=="],
  }
}
